// !$*UTF8*$!
{
	archiveVersion = 1;
	classes = {
	};
	objectVersion = 56;
	objects = {

/* Begin PBXBuildFile section */
		0D445C5A2D482D3D00E81FAF /* HW4UITests.swift in Sources */ = {isa = PBXBuildFile; fileRef = 0D445C592D482D3D00E81FAF /* HW4UITests.swift */; };
		0DBF0F2D2D482CDF0089FC55 /* AppDelegate.swift in Sources */ = {isa = PBXBuildFile; fileRef = 0DBF0F2C2D482CDF0089FC55 /* AppDelegate.swift */; };
		0DBF0F2F2D482CDF0089FC55 /* SceneDelegate.swift in Sources */ = {isa = PBXBuildFile; fileRef = 0DBF0F2E2D482CDF0089FC55 /* SceneDelegate.swift */; };
		0DBF0F312D482CDF0089FC55 /* ViewController.swift in Sources */ = {isa = PBXBuildFile; fileRef = 0DBF0F302D482CDF0089FC55 /* ViewController.swift */; };
		0DBF0F342D482CDF0089FC55 /* Main.storyboard in Resources */ = {isa = PBXBuildFile; fileRef = 0DBF0F322D482CDF0089FC55 /* Main.storyboard */; };
		0DBF0F362D482CE00089FC55 /* Assets.xcassets in Resources */ = {isa = PBXBuildFile; fileRef = 0DBF0F352D482CE00089FC55 /* Assets.xcassets */; };
		0DBF0F392D482CE00089FC55 /* LaunchScreen.storyboard in Resources */ = {isa = PBXBuildFile; fileRef = 0DBF0F372D482CE00089FC55 /* LaunchScreen.storyboard */; };
		0DBF0F442D482CE00089FC55 /* HW467Tests.swift in Sources */ = {isa = PBXBuildFile; fileRef = 0DBF0F432D482CE00089FC55 /* HW467Tests.swift */; };
		0DBF0F4E2D482CE00089FC55 /* HW467UITests.swift in Sources */ = {isa = PBXBuildFile; fileRef = 0DBF0F4D2D482CE00089FC55 /* HW467UITests.swift */; };
/* End PBXBuildFile section */

/* Begin PBXContainerItemProxy section */
		0DBF0F402D482CE00089FC55 /* PBXContainerItemProxy */ = {
			isa = PBXContainerItemProxy;
			containerPortal = 0DBF0F212D482CDF0089FC55 /* Project object */;
			proxyType = 1;
			remoteGlobalIDString = 0DBF0F282D482CDF0089FC55;
			remoteInfo = HW467;
		};
		0DBF0F4A2D482CE00089FC55 /* PBXContainerItemProxy */ = {
			isa = PBXContainerItemProxy;
			containerPortal = 0DBF0F212D482CDF0089FC55 /* Project object */;
			proxyType = 1;
			remoteGlobalIDString = 0DBF0F282D482CDF0089FC55;
			remoteInfo = HW467;
		};
/* End PBXContainerItemProxy section */

/* Begin PBXFileReference section */
		0D445C592D482D3D00E81FAF /* HW4UITests.swift */ = {isa = PBXFileReference; lastKnownFileType = sourcecode.swift; path = HW4UITests.swift; sourceTree = "<group>"; };
		0DBF0F292D482CDF0089FC55 /* HW467.app */ = {isa = PBXFileReference; explicitFileType = wrapper.application; includeInIndex = 0; path = HW467.app; sourceTree = BUILT_PRODUCTS_DIR; };
		0DBF0F2C2D482CDF0089FC55 /* AppDelegate.swift */ = {isa = PBXFileReference; lastKnownFileType = sourcecode.swift; path = AppDelegate.swift; sourceTree = "<group>"; };
		0DBF0F2E2D482CDF0089FC55 /* SceneDelegate.swift */ = {isa = PBXFileReference; lastKnownFileType = sourcecode.swift; path = SceneDelegate.swift; sourceTree = "<group>"; };
		0DBF0F302D482CDF0089FC55 /* ViewController.swift */ = {isa = PBXFileReference; lastKnownFileType = sourcecode.swift; path = ViewController.swift; sourceTree = "<group>"; };
		0DBF0F332D482CDF0089FC55 /* Base */ = {isa = PBXFileReference; lastKnownFileType = file.storyboard; name = Base; path = Base.lproj/Main.storyboard; sourceTree = "<group>"; };
		0DBF0F352D482CE00089FC55 /* Assets.xcassets */ = {isa = PBXFileReference; lastKnownFileType = folder.assetcatalog; path = Assets.xcassets; sourceTree = "<group>"; };
		0DBF0F382D482CE00089FC55 /* Base */ = {isa = PBXFileReference; lastKnownFileType = file.storyboard; name = Base; path = Base.lproj/LaunchScreen.storyboard; sourceTree = "<group>"; };
		0DBF0F3A2D482CE00089FC55 /* Info.plist */ = {isa = PBXFileReference; lastKnownFileType = text.plist.xml; path = Info.plist; sourceTree = "<group>"; };
		0DBF0F3F2D482CE00089FC55 /* HW467Tests.xctest */ = {isa = PBXFileReference; explicitFileType = wrapper.cfbundle; includeInIndex = 0; path = HW467Tests.xctest; sourceTree = BUILT_PRODUCTS_DIR; };
		0DBF0F432D482CE00089FC55 /* HW467Tests.swift */ = {isa = PBXFileReference; lastKnownFileType = sourcecode.swift; path = HW467Tests.swift; sourceTree = "<group>"; };
		0DBF0F492D482CE00089FC55 /* HW467UITests.xctest */ = {isa = PBXFileReference; explicitFileType = wrapper.cfbundle; includeInIndex = 0; path = HW467UITests.xctest; sourceTree = BUILT_PRODUCTS_DIR; };
		0DBF0F4D2D482CE00089FC55 /* HW467UITests.swift */ = {isa = PBXFileReference; lastKnownFileType = sourcecode.swift; path = HW467UITests.swift; sourceTree = "<group>"; };
/* End PBXFileReference section */

/* Begin PBXFrameworksBuildPhase section */
		0DBF0F262D482CDF0089FC55 /* Frameworks */ = {
			isa = PBXFrameworksBuildPhase;
			buildActionMask = 2147483647;
			files = (
			);
			runOnlyForDeploymentPostprocessing = 0;
		};
		0DBF0F3C2D482CE00089FC55 /* Frameworks */ = {
			isa = PBXFrameworksBuildPhase;
			buildActionMask = 2147483647;
			files = (
			);
			runOnlyForDeploymentPostprocessing = 0;
		};
		0DBF0F462D482CE00089FC55 /* Frameworks */ = {
			isa = PBXFrameworksBuildPhase;
			buildActionMask = 2147483647;
			files = (
			);
			runOnlyForDeploymentPostprocessing = 0;
		};
/* End PBXFrameworksBuildPhase section */

/* Begin PBXGroup section */
		0DBF0F202D482CDF0089FC55 = {
			isa = PBXGroup;
			children = (
				0DBF0F2B2D482CDF0089FC55 /* HW467 */,
				0DBF0F422D482CE00089FC55 /* HW467Tests */,
				0DBF0F4C2D482CE00089FC55 /* HW467UITests */,
				0DBF0F2A2D482CDF0089FC55 /* Products */,
			);
			sourceTree = "<group>";
		};
		0DBF0F2A2D482CDF0089FC55 /* Products */ = {
			isa = PBXGroup;
			children = (
				0DBF0F292D482CDF0089FC55 /* HW467.app */,
				0DBF0F3F2D482CE00089FC55 /* HW467Tests.xctest */,
				0DBF0F492D482CE00089FC55 /* HW467UITests.xctest */,
			);
			name = Products;
			sourceTree = "<group>";
		};
		0DBF0F2B2D482CDF0089FC55 /* HW467 */ = {
			isa = PBXGroup;
			children = (
				0DBF0F2C2D482CDF0089FC55 /* AppDelegate.swift */,
				0DBF0F2E2D482CDF0089FC55 /* SceneDelegate.swift */,
				0DBF0F302D482CDF0089FC55 /* ViewController.swift */,
				0DBF0F322D482CDF0089FC55 /* Main.storyboard */,
				0DBF0F352D482CE00089FC55 /* Assets.xcassets */,
				0DBF0F372D482CE00089FC55 /* LaunchScreen.storyboard */,
				0DBF0F3A2D482CE00089FC55 /* Info.plist */,
			);
			path = HW467;
			sourceTree = "<group>";
		};
		0DBF0F422D482CE00089FC55 /* HW467Tests */ = {
			isa = PBXGroup;
			children = (
				0DBF0F432D482CE00089FC55 /* HW467Tests.swift */,
			);
			path = HW467Tests;
			sourceTree = "<group>";
		};
		0DBF0F4C2D482CE00089FC55 /* HW467UITests */ = {
			isa = PBXGroup;
			children = (
				0DBF0F4D2D482CE00089FC55 /* HW467UITests.swift */,
				0D445C592D482D3D00E81FAF /* HW4UITests.swift */,
			);
			path = HW467UITests;
			sourceTree = "<group>";
		};
/* End PBXGroup section */

/* Begin PBXNativeTarget section */
		0DBF0F282D482CDF0089FC55 /* HW467 */ = {
			isa = PBXNativeTarget;
			buildConfigurationList = 0DBF0F532D482CE00089FC55 /* Build configuration list for PBXNativeTarget "HW467" */;
			buildPhases = (
				0DBF0F252D482CDF0089FC55 /* Sources */,
				0DBF0F262D482CDF0089FC55 /* Frameworks */,
				0DBF0F272D482CDF0089FC55 /* Resources */,
			);
			buildRules = (
			);
			dependencies = (
			);
			name = HW467;
			productName = HW467;
			productReference = 0DBF0F292D482CDF0089FC55 /* HW467.app */;
			productType = "com.apple.product-type.application";
		};
		0DBF0F3E2D482CE00089FC55 /* HW467Tests */ = {
			isa = PBXNativeTarget;
			buildConfigurationList = 0DBF0F562D482CE00089FC55 /* Build configuration list for PBXNativeTarget "HW467Tests" */;
			buildPhases = (
				0DBF0F3B2D482CE00089FC55 /* Sources */,
				0DBF0F3C2D482CE00089FC55 /* Frameworks */,
				0DBF0F3D2D482CE00089FC55 /* Resources */,
			);
			buildRules = (
			);
			dependencies = (
				0DBF0F412D482CE00089FC55 /* PBXTargetDependency */,
			);
			name = HW467Tests;
			productName = HW467Tests;
			productReference = 0DBF0F3F2D482CE00089FC55 /* HW467Tests.xctest */;
			productType = "com.apple.product-type.bundle.unit-test";
		};
		0DBF0F482D482CE00089FC55 /* HW467UITests */ = {
			isa = PBXNativeTarget;
			buildConfigurationList = 0DBF0F592D482CE00089FC55 /* Build configuration list for PBXNativeTarget "HW467UITests" */;
			buildPhases = (
				0DBF0F452D482CE00089FC55 /* Sources */,
				0DBF0F462D482CE00089FC55 /* Frameworks */,
				0DBF0F472D482CE00089FC55 /* Resources */,
			);
			buildRules = (
			);
			dependencies = (
				0DBF0F4B2D482CE00089FC55 /* PBXTargetDependency */,
			);
			name = HW467UITests;
			productName = HW467UITests;
			productReference = 0DBF0F492D482CE00089FC55 /* HW467UITests.xctest */;
			productType = "com.apple.product-type.bundle.ui-testing";
		};
/* End PBXNativeTarget section */

/* Begin PBXProject section */
		0DBF0F212D482CDF0089FC55 /* Project object */ = {
			isa = PBXProject;
			attributes = {
				BuildIndependentTargetsInParallel = 1;
				LastSwiftUpdateCheck = 1520;
				LastUpgradeCheck = 1520;
				TargetAttributes = {
					0DBF0F282D482CDF0089FC55 = {
						CreatedOnToolsVersion = 15.2;
					};
					0DBF0F3E2D482CE00089FC55 = {
						CreatedOnToolsVersion = 15.2;
						TestTargetID = 0DBF0F282D482CDF0089FC55;
					};
					0DBF0F482D482CE00089FC55 = {
						CreatedOnToolsVersion = 15.2;
						TestTargetID = 0DBF0F282D482CDF0089FC55;
					};
				};
			};
			buildConfigurationList = 0DBF0F242D482CDF0089FC55 /* Build configuration list for PBXProject "HW467" */;
			compatibilityVersion = "Xcode 14.0";
			developmentRegion = en;
			hasScannedForEncodings = 0;
			knownRegions = (
				en,
				Base,
			);
			mainGroup = 0DBF0F202D482CDF0089FC55;
			productRefGroup = 0DBF0F2A2D482CDF0089FC55 /* Products */;
			projectDirPath = "";
			projectRoot = "";
			targets = (
				0DBF0F282D482CDF0089FC55 /* HW467 */,
				0DBF0F3E2D482CE00089FC55 /* HW467Tests */,
				0DBF0F482D482CE00089FC55 /* HW467UITests */,
			);
		};
/* End PBXProject section */

/* Begin PBXResourcesBuildPhase section */
		0DBF0F272D482CDF0089FC55 /* Resources */ = {
			isa = PBXResourcesBuildPhase;
			buildActionMask = 2147483647;
			files = (
				0DBF0F392D482CE00089FC55 /* LaunchScreen.storyboard in Resources */,
				0DBF0F362D482CE00089FC55 /* Assets.xcassets in Resources */,
				0DBF0F342D482CDF0089FC55 /* Main.storyboard in Resources */,
			);
			runOnlyForDeploymentPostprocessing = 0;
		};
		0DBF0F3D2D482CE00089FC55 /* Resources */ = {
			isa = PBXResourcesBuildPhase;
			buildActionMask = 2147483647;
			files = (
			);
			runOnlyForDeploymentPostprocessing = 0;
		};
		0DBF0F472D482CE00089FC55 /* Resources */ = {
			isa = PBXResourcesBuildPhase;
			buildActionMask = 2147483647;
			files = (
			);
			runOnlyForDeploymentPostprocessing = 0;
		};
/* End PBXResourcesBuildPhase section */

/* Begin PBXSourcesBuildPhase section */
		0DBF0F252D482CDF0089FC55 /* Sources */ = {
			isa = PBXSourcesBuildPhase;
			buildActionMask = 2147483647;
			files = (
				0DBF0F312D482CDF0089FC55 /* ViewController.swift in Sources */,
				0DBF0F2D2D482CDF0089FC55 /* AppDelegate.swift in Sources */,
				0DBF0F2F2D482CDF0089FC55 /* SceneDelegate.swift in Sources */,
			);
			runOnlyForDeploymentPostprocessing = 0;
		};
		0DBF0F3B2D482CE00089FC55 /* Sources */ = {
			isa = PBXSourcesBuildPhase;
			buildActionMask = 2147483647;
			files = (
				0DBF0F442D482CE00089FC55 /* HW467Tests.swift in Sources */,
			);
			runOnlyForDeploymentPostprocessing = 0;
		};
		0DBF0F452D482CE00089FC55 /* Sources */ = {
			isa = PBXSourcesBuildPhase;
			buildActionMask = 2147483647;
			files = (
				0DBF0F4E2D482CE00089FC55 /* HW467UITests.swift in Sources */,
				0D445C5A2D482D3D00E81FAF /* HW4UITests.swift in Sources */,
			);
			runOnlyForDeploymentPostprocessing = 0;
		};
/* End PBXSourcesBuildPhase section */

/* Begin PBXTargetDependency section */
		0DBF0F412D482CE00089FC55 /* PBXTargetDependency */ = {
			isa = PBXTargetDependency;
			target = 0DBF0F282D482CDF0089FC55 /* HW467 */;
			targetProxy = 0DBF0F402D482CE00089FC55 /* PBXContainerItemProxy */;
		};
		0DBF0F4B2D482CE00089FC55 /* PBXTargetDependency */ = {
			isa = PBXTargetDependency;
			target = 0DBF0F282D482CDF0089FC55 /* HW467 */;
			targetProxy = 0DBF0F4A2D482CE00089FC55 /* PBXContainerItemProxy */;
		};
/* End PBXTargetDependency section */

/* Begin PBXVariantGroup section */
		0DBF0F322D482CDF0089FC55 /* Main.storyboard */ = {
			isa = PBXVariantGroup;
			children = (
				0DBF0F332D482CDF0089FC55 /* Base */,
			);
			name = Main.storyboard;
			sourceTree = "<group>";
		};
		0DBF0F372D482CE00089FC55 /* LaunchScreen.storyboard */ = {
			isa = PBXVariantGroup;
			children = (
				0DBF0F382D482CE00089FC55 /* Base */,
			);
			name = LaunchScreen.storyboard;
			sourceTree = "<group>";
		};
/* End PBXVariantGroup section */

/* Begin XCBuildConfiguration section */
		0DBF0F512D482CE00089FC55 /* Debug */ = {
			isa = XCBuildConfiguration;
			buildSettings = {
				ALWAYS_SEARCH_USER_PATHS = NO;
				ASSETCATALOG_COMPILER_GENERATE_SWIFT_ASSET_SYMBOL_EXTENSIONS = YES;
				CLANG_ANALYZER_NONNULL = YES;
				CLANG_ANALYZER_NUMBER_OBJECT_CONVERSION = YES_AGGRESSIVE;
				CLANG_CXX_LANGUAGE_STANDARD = "gnu++20";
				CLANG_ENABLE_MODULES = YES;
				CLANG_ENABLE_OBJC_ARC = YES;
				CLANG_ENABLE_OBJC_WEAK = YES;
				CLANG_WARN_BLOCK_CAPTURE_AUTORELEASING = YES;
				CLANG_WARN_BOOL_CONVERSION = YES;
				CLANG_WARN_COMMA = YES;
				CLANG_WARN_CONSTANT_CONVERSION = YES;
				CLANG_WARN_DEPRECATED_OBJC_IMPLEMENTATIONS = YES;
				CLANG_WARN_DIRECT_OBJC_ISA_USAGE = YES_ERROR;
				CLANG_WARN_DOCUMENTATION_COMMENTS = YES;
				CLANG_WARN_EMPTY_BODY = YES;
				CLANG_WARN_ENUM_CONVERSION = YES;
				CLANG_WARN_INFINITE_RECURSION = YES;
				CLANG_WARN_INT_CONVERSION = YES;
				CLANG_WARN_NON_LITERAL_NULL_CONVERSION = YES;
				CLANG_WARN_OBJC_IMPLICIT_RETAIN_SELF = YES;
				CLANG_WARN_OBJC_LITERAL_CONVERSION = YES;
				CLANG_WARN_OBJC_ROOT_CLASS = YES_ERROR;
				CLANG_WARN_QUOTED_INCLUDE_IN_FRAMEWORK_HEADER = YES;
				CLANG_WARN_RANGE_LOOP_ANALYSIS = YES;
				CLANG_WARN_STRICT_PROTOTYPES = YES;
				CLANG_WARN_SUSPICIOUS_MOVE = YES;
				CLANG_WARN_UNGUARDED_AVAILABILITY = YES_AGGRESSIVE;
				CLANG_WARN_UNREACHABLE_CODE = YES;
				CLANG_WARN__DUPLICATE_METHOD_MATCH = YES;
				COPY_PHASE_STRIP = NO;
				DEBUG_INFORMATION_FORMAT = dwarf;
				ENABLE_STRICT_OBJC_MSGSEND = YES;
				ENABLE_TESTABILITY = YES;
				ENABLE_USER_SCRIPT_SANDBOXING = YES;
				GCC_C_LANGUAGE_STANDARD = gnu17;
				GCC_DYNAMIC_NO_PIC = NO;
				GCC_NO_COMMON_BLOCKS = YES;
				GCC_OPTIMIZATION_LEVEL = 0;
				GCC_PREPROCESSOR_DEFINITIONS = (
					"DEBUG=1",
					"$(inherited)",
				);
				GCC_WARN_64_TO_32_BIT_CONVERSION = YES;
				GCC_WARN_ABOUT_RETURN_TYPE = YES_ERROR;
				GCC_WARN_UNDECLARED_SELECTOR = YES;
				GCC_WARN_UNINITIALIZED_AUTOS = YES_AGGRESSIVE;
				GCC_WARN_UNUSED_FUNCTION = YES;
				GCC_WARN_UNUSED_VARIABLE = YES;
				IPHONEOS_DEPLOYMENT_TARGET = 17.2;
				LOCALIZATION_PREFERS_STRING_CATALOGS = YES;
				MTL_ENABLE_DEBUG_INFO = INCLUDE_SOURCE;
				MTL_FAST_MATH = YES;
				ONLY_ACTIVE_ARCH = YES;
				SDKROOT = iphoneos;
				SWIFT_ACTIVE_COMPILATION_CONDITIONS = "DEBUG $(inherited)";
				SWIFT_OPTIMIZATION_LEVEL = "-Onone";
			};
			name = Debug;
		};
		0DBF0F522D482CE00089FC55 /* Release */ = {
			isa = XCBuildConfiguration;
			buildSettings = {
				ALWAYS_SEARCH_USER_PATHS = NO;
				ASSETCATALOG_COMPILER_GENERATE_SWIFT_ASSET_SYMBOL_EXTENSIONS = YES;
				CLANG_ANALYZER_NONNULL = YES;
				CLANG_ANALYZER_NUMBER_OBJECT_CONVERSION = YES_AGGRESSIVE;
				CLANG_CXX_LANGUAGE_STANDARD = "gnu++20";
				CLANG_ENABLE_MODULES = YES;
				CLANG_ENABLE_OBJC_ARC = YES;
				CLANG_ENABLE_OBJC_WEAK = YES;
				CLANG_WARN_BLOCK_CAPTURE_AUTORELEASING = YES;
				CLANG_WARN_BOOL_CONVERSION = YES;
				CLANG_WARN_COMMA = YES;
				CLANG_WARN_CONSTANT_CONVERSION = YES;
				CLANG_WARN_DEPRECATED_OBJC_IMPLEMENTATIONS = YES;
				CLANG_WARN_DIRECT_OBJC_ISA_USAGE = YES_ERROR;
				CLANG_WARN_DOCUMENTATION_COMMENTS = YES;
				CLANG_WARN_EMPTY_BODY = YES;
				CLANG_WARN_ENUM_CONVERSION = YES;
				CLANG_WARN_INFINITE_RECURSION = YES;
				CLANG_WARN_INT_CONVERSION = YES;
				CLANG_WARN_NON_LITERAL_NULL_CONVERSION = YES;
				CLANG_WARN_OBJC_IMPLICIT_RETAIN_SELF = YES;
				CLANG_WARN_OBJC_LITERAL_CONVERSION = YES;
				CLANG_WARN_OBJC_ROOT_CLASS = YES_ERROR;
				CLANG_WARN_QUOTED_INCLUDE_IN_FRAMEWORK_HEADER = YES;
				CLANG_WARN_RANGE_LOOP_ANALYSIS = YES;
				CLANG_WARN_STRICT_PROTOTYPES = YES;
				CLANG_WARN_SUSPICIOUS_MOVE = YES;
				CLANG_WARN_UNGUARDED_AVAILABILITY = YES_AGGRESSIVE;
				CLANG_WARN_UNREACHABLE_CODE = YES;
				CLANG_WARN__DUPLICATE_METHOD_MATCH = YES;
				COPY_PHASE_STRIP = NO;
				DEBUG_INFORMATION_FORMAT = "dwarf-with-dsym";
				ENABLE_NS_ASSERTIONS = NO;
				ENABLE_STRICT_OBJC_MSGSEND = YES;
				ENABLE_USER_SCRIPT_SANDBOXING = YES;
				GCC_C_LANGUAGE_STANDARD = gnu17;
				GCC_NO_COMMON_BLOCKS = YES;
				GCC_WARN_64_TO_32_BIT_CONVERSION = YES;
				GCC_WARN_ABOUT_RETURN_TYPE = YES_ERROR;
				GCC_WARN_UNDECLARED_SELECTOR = YES;
				GCC_WARN_UNINITIALIZED_AUTOS = YES_AGGRESSIVE;
				GCC_WARN_UNUSED_FUNCTION = YES;
				GCC_WARN_UNUSED_VARIABLE = YES;
				IPHONEOS_DEPLOYMENT_TARGET = 17.2;
				LOCALIZATION_PREFERS_STRING_CATALOGS = YES;
				MTL_ENABLE_DEBUG_INFO = NO;
				MTL_FAST_MATH = YES;
				SDKROOT = iphoneos;
				SWIFT_COMPILATION_MODE = wholemodule;
				VALIDATE_PRODUCT = YES;
			};
			name = Release;
		};
		0DBF0F542D482CE00089FC55 /* Debug */ = {
			isa = XCBuildConfiguration;
			buildSettings = {
				ASSETCATALOG_COMPILER_APPICON_NAME = AppIcon;
				ASSETCATALOG_COMPILER_GLOBAL_ACCENT_COLOR_NAME = AccentColor;
				CODE_SIGN_STYLE = Automatic;
				CURRENT_PROJECT_VERSION = 1;
				GENERATE_INFOPLIST_FILE = YES;
				INFOPLIST_FILE = HW467/Info.plist;
				INFOPLIST_KEY_UIApplicationSupportsIndirectInputEvents = YES;
				INFOPLIST_KEY_UILaunchStoryboardName = LaunchScreen;
				INFOPLIST_KEY_UIMainStoryboardFile = Main;
				INFOPLIST_KEY_UISupportedInterfaceOrientations_iPad = "UIInterfaceOrientationPortrait UIInterfaceOrientationPortraitUpsideDown UIInterfaceOrientationLandscapeLeft UIInterfaceOrientationLandscapeRight";
				INFOPLIST_KEY_UISupportedInterfaceOrientations_iPhone = "UIInterfaceOrientationPortrait UIInterfaceOrientationLandscapeLeft UIInterfaceOrientationLandscapeRight";
				LD_RUNPATH_SEARCH_PATHS = (
					"$(inherited)",
					"@executable_path/Frameworks",
				);
				MARKETING_VERSION = 1.0;
				PRODUCT_BUNDLE_IDENTIFIER = com.depaul.HW467;
				PRODUCT_NAME = "$(TARGET_NAME)";
				SWIFT_EMIT_LOC_STRINGS = YES;
				SWIFT_VERSION = 5.0;
				TARGETED_DEVICE_FAMILY = "1,2";
			};
			name = Debug;
		};
		0DBF0F552D482CE00089FC55 /* Release */ = {
			isa = XCBuildConfiguration;
			buildSettings = {
				ASSETCATALOG_COMPILER_APPICON_NAME = AppIcon;
				ASSETCATALOG_COMPILER_GLOBAL_ACCENT_COLOR_NAME = AccentColor;
				CODE_SIGN_STYLE = Automatic;
				CURRENT_PROJECT_VERSION = 1;
				GENERATE_INFOPLIST_FILE = YES;
				INFOPLIST_FILE = HW467/Info.plist;
				INFOPLIST_KEY_UIApplicationSupportsIndirectInputEvents = YES;
				INFOPLIST_KEY_UILaunchStoryboardName = LaunchScreen;
				INFOPLIST_KEY_UIMainStoryboardFile = Main;
				INFOPLIST_KEY_UISupportedInterfaceOrientations_iPad = "UIInterfaceOrientationPortrait UIInterfaceOrientationPortraitUpsideDown UIInterfaceOrientationLandscapeLeft UIInterfaceOrientationLandscapeRight";
				INFOPLIST_KEY_UISupportedInterfaceOrientations_iPhone = "UIInterfaceOrientationPortrait UIInterfaceOrientationLandscapeLeft UIInterfaceOrientationLandscapeRight";
				LD_RUNPATH_SEARCH_PATHS = (
					"$(inherited)",
					"@executable_path/Frameworks",
				);
				MARKETING_VERSION = 1.0;
				PRODUCT_BUNDLE_IDENTIFIER = com.depaul.HW467;
				PRODUCT_NAME = "$(TARGET_NAME)";
				SWIFT_EMIT_LOC_STRINGS = YES;
				SWIFT_VERSION = 5.0;
				TARGETED_DEVICE_FAMILY = "1,2";
			};
			name = Release;
		};
		0DBF0F572D482CE00089FC55 /* Debug */ = {
			isa = XCBuildConfiguration;
			buildSettings = {
				ALWAYS_EMBED_SWIFT_STANDARD_LIBRARIES = YES;
				BUNDLE_LOADER = "$(TEST_HOST)";
				CODE_SIGN_STYLE = Automatic;
				CURRENT_PROJECT_VERSION = 1;
				GENERATE_INFOPLIST_FILE = YES;
				IPHONEOS_DEPLOYMENT_TARGET = 17.2;
				MARKETING_VERSION = 1.0;
				PRODUCT_BUNDLE_IDENTIFIER = com.depaul.HW467Tests;
				PRODUCT_NAME = "$(TARGET_NAME)";
				SWIFT_EMIT_LOC_STRINGS = NO;
				SWIFT_VERSION = 5.0;
				TARGETED_DEVICE_FAMILY = "1,2";
				TEST_HOST = "$(BUILT_PRODUCTS_DIR)/HW467.app/$(BUNDLE_EXECUTABLE_FOLDER_PATH)/HW467";
			};
			name = Debug;
		};
		0DBF0F582D482CE00089FC55 /* Release */ = {
			isa = XCBuildConfiguration;
			buildSettings = {
				ALWAYS_EMBED_SWIFT_STANDARD_LIBRARIES = YES;
				BUNDLE_LOADER = "$(TEST_HOST)";
				CODE_SIGN_STYLE = Automatic;
				CURRENT_PROJECT_VERSION = 1;
				GENERATE_INFOPLIST_FILE = YES;
				IPHONEOS_DEPLOYMENT_TARGET = 17.2;
				MARKETING_VERSION = 1.0;
				PRODUCT_BUNDLE_IDENTIFIER = com.depaul.HW467Tests;
				PRODUCT_NAME = "$(TARGET_NAME)";
				SWIFT_EMIT_LOC_STRINGS = NO;
				SWIFT_VERSION = 5.0;
				TARGETED_DEVICE_FAMILY = "1,2";
				TEST_HOST = "$(BUILT_PRODUCTS_DIR)/HW467.app/$(BUNDLE_EXECUTABLE_FOLDER_PATH)/HW467";
			};
			name = Release;
		};
		0DBF0F5A2D482CE00089FC55 /* Debug */ = {
			isa = XCBuildConfiguration;
			buildSettings = {
				ALWAYS_EMBED_SWIFT_STANDARD_LIBRARIES = YES;
				CODE_SIGN_STYLE = Automatic;
				CURRENT_PROJECT_VERSION = 1;
				GENERATE_INFOPLIST_FILE = YES;
				MARKETING_VERSION = 1.0;
				PRODUCT_BUNDLE_IDENTIFIER = com.depaul.HW467UITests;
				PRODUCT_NAME = "$(TARGET_NAME)";
				SWIFT_EMIT_LOC_STRINGS = NO;
				SWIFT_VERSION = 5.0;
				TARGETED_DEVICE_FAMILY = "1,2";
				TEST_TARGET_NAME = HW467;
			};
			name = Debug;
		};
		0DBF0F5B2D482CE00089FC55 /* Release */ = {
			isa = XCBuildConfiguration;
			buildSettings = {
				ALWAYS_EMBED_SWIFT_STANDARD_LIBRARIES = YES;
				CODE_SIGN_STYLE = Automatic;
				CURRENT_PROJECT_VERSION = 1;
				GENERATE_INFOPLIST_FILE = YES;
				MARKETING_VERSION = 1.0;
				PRODUCT_BUNDLE_IDENTIFIER = com.depaul.HW467UITests;
				PRODUCT_NAME = "$(TARGET_NAME)";
				SWIFT_EMIT_LOC_STRINGS = NO;
				SWIFT_VERSION = 5.0;
				TARGETED_DEVICE_FAMILY = "1,2";
				TEST_TARGET_NAME = HW467;
			};
			name = Release;
		};
/* End XCBuildConfiguration section */

/* Begin XCConfigurationList section */
		0DBF0F242D482CDF0089FC55 /* Build configuration list for PBXProject "HW467" */ = {
			isa = XCConfigurationList;
			buildConfigurations = (
				0DBF0F512D482CE00089FC55 /* Debug */,
				0DBF0F522D482CE00089FC55 /* Release */,
			);
			defaultConfigurationIsVisible = 0;
			defaultConfigurationName = Release;
		};
		0DBF0F532D482CE00089FC55 /* Build configuration list for PBXNativeTarget "HW467" */ = {
			isa = XCConfigurationList;
			buildConfigurations = (
				0DBF0F542D482CE00089FC55 /* Debug */,
				0DBF0F552D482CE00089FC55 /* Release */,
			);
			defaultConfigurationIsVisible = 0;
			defaultConfigurationName = Release;
		};
		0DBF0F562D482CE00089FC55 /* Build configuration list for PBXNativeTarget "HW467Tests" */ = {
			isa = XCConfigurationList;
			buildConfigurations = (
				0DBF0F572D482CE00089FC55 /* Debug */,
				0DBF0F582D482CE00089FC55 /* Release */,
			);
			defaultConfigurationIsVisible = 0;
			defaultConfigurationName = Release;
		};
		0DBF0F592D482CE00089FC55 /* Build configuration list for PBXNativeTarget "HW467UITests" */ = {
			isa = XCConfigurationList;
			buildConfigurations = (
				0DBF0F5A2D482CE00089FC55 /* Debug */,
				0DBF0F5B2D482CE00089FC55 /* Release */,
			);
			defaultConfigurationIsVisible = 0;
			defaultConfigurationName = Release;
		};
/* End XCConfigurationList section */
	};
	rootObject = 0DBF0F212D482CDF0089FC55 /* Project object */;
}
